
Microsoft Visual Studio Solution File, Format Version 12.00
# Visual Studio Version 16
VisualStudioVersion = 16.0.32929.386
MinimumVisualStudioVersion = 10.0.40219.1
Project("{FAE04EC0-301F-11D3-BF4B-00C04F79EFBC}") = "RevitAPIPipeNameCreateParameter", "RevitAPIPipeNameCreateParameter\RevitAPIPipeNameCreateParameter.csproj", "{DDF0A3D1-6797-4C94-AA2C-CC62C07EF959}"
EndProject
Global
	GlobalSection(SolutionConfigurationPlatforms) = preSolution
		Debug|Any CPU = Debug|Any CPU
		Release|Any CPU = Release|Any CPU
	EndGlobalSection
	GlobalSection(ProjectConfigurationPlatforms) = postSolution
		{DDF0A3D1-6797-4C94-AA2C-CC62C07EF959}.Debug|Any CPU.ActiveCfg = Debug|Any CPU
		{DDF0A3D1-6797-4C94-AA2C-CC62C07EF959}.Debug|Any CPU.Build.0 = Debug|Any CPU
		{DDF0A3D1-6797-4C94-AA2C-CC62C07EF959}.Release|Any CPU.ActiveCfg = Release|Any CPU
		{DDF0A3D1-6797-4C94-AA2C-CC62C07EF959}.Release|Any CPU.Build.0 = Release|Any CPU
	EndGlobalSection
	GlobalSection(SolutionProperties) = preSolution
		HideSolutionNode = FALSE
	EndGlobalSection
	GlobalSection(ExtensibilityGlobals) = postSolution
		SolutionGuid = {E25A067D-52C0-42AD-9D97-B2B8DFF20370}
	EndGlobalSection
EndGlobal
